
Microsoft Visual Studio Solution File, Format Version 12.00
# Visual Studio 14
VisualStudioVersion = 14.0.25123.0
MinimumVisualStudioVersion = 10.0.40219.1
Project("{FAE04EC0-301F-11D3-BF4B-00C04F79EFBC}") = "NetworkSimulatorAnalyzer", "NetworkSimulatorAnalyzer\NetworkSimulatorAnalyzer.csproj", "{5642323C-4689-47C1-97EE-FFD96C4CE776}"
EndProject
Project("{FAE04EC0-301F-11D3-BF4B-00C04F79EFBC}") = "NSA.Logging", "Logging\NSA.Logging.csproj", "{B6058B3D-B1A5-42D7-A5B0-EAD02AE8CCF2}"
EndProject
Project("{FAE04EC0-301F-11D3-BF4B-00C04F79EFBC}") = "NSA.Model", "NSA.Model\NSA.Model.csproj", "{AFA9C232-0494-496F-B2CF-4890CD616537}"
EndProject
Project("{FAE04EC0-301F-11D3-BF4B-00C04F79EFBC}") = "NSA.View", "NSA.View\NSA.View.csproj", "{EF2B2F9E-7E0C-442B-A3C1-21D65AE1B9B6}"
EndProject
Project("{FAE04EC0-301F-11D3-BF4B-00C04F79EFBC}") = "NSA.Controller", "NSA.Controller\NSA.Controller.csproj", "{703DCF0D-38E1-411F-972E-E9581F0F58D2}"
EndProject
Global
	GlobalSection(SolutionConfigurationPlatforms) = preSolution
		Debug|Any CPU = Debug|Any CPU
		Release|Any CPU = Release|Any CPU
	EndGlobalSection
	GlobalSection(ProjectConfigurationPlatforms) = postSolution
		{5642323C-4689-47C1-97EE-FFD96C4CE776}.Debug|Any CPU.ActiveCfg = Debug|Any CPU
		{5642323C-4689-47C1-97EE-FFD96C4CE776}.Debug|Any CPU.Build.0 = Debug|Any CPU
		{5642323C-4689-47C1-97EE-FFD96C4CE776}.Release|Any CPU.ActiveCfg = Release|Any CPU
		{5642323C-4689-47C1-97EE-FFD96C4CE776}.Release|Any CPU.Build.0 = Release|Any CPU
		{B6058B3D-B1A5-42D7-A5B0-EAD02AE8CCF2}.Debug|Any CPU.ActiveCfg = Debug|Any CPU
		{B6058B3D-B1A5-42D7-A5B0-EAD02AE8CCF2}.Debug|Any CPU.Build.0 = Debug|Any CPU
		{B6058B3D-B1A5-42D7-A5B0-EAD02AE8CCF2}.Release|Any CPU.ActiveCfg = Release|Any CPU
		{B6058B3D-B1A5-42D7-A5B0-EAD02AE8CCF2}.Release|Any CPU.Build.0 = Release|Any CPU
		{AFA9C232-0494-496F-B2CF-4890CD616537}.Debug|Any CPU.ActiveCfg = Debug|Any CPU
		{AFA9C232-0494-496F-B2CF-4890CD616537}.Debug|Any CPU.Build.0 = Debug|Any CPU
		{AFA9C232-0494-496F-B2CF-4890CD616537}.Release|Any CPU.ActiveCfg = Release|Any CPU
		{AFA9C232-0494-496F-B2CF-4890CD616537}.Release|Any CPU.Build.0 = Release|Any CPU
		{EF2B2F9E-7E0C-442B-A3C1-21D65AE1B9B6}.Debug|Any CPU.ActiveCfg = Debug|Any CPU
		{EF2B2F9E-7E0C-442B-A3C1-21D65AE1B9B6}.Debug|Any CPU.Build.0 = Debug|Any CPU
		{EF2B2F9E-7E0C-442B-A3C1-21D65AE1B9B6}.Release|Any CPU.ActiveCfg = Release|Any CPU
		{EF2B2F9E-7E0C-442B-A3C1-21D65AE1B9B6}.Release|Any CPU.Build.0 = Release|Any CPU
		{703DCF0D-38E1-411F-972E-E9581F0F58D2}.Debug|Any CPU.ActiveCfg = Debug|Any CPU
		{703DCF0D-38E1-411F-972E-E9581F0F58D2}.Debug|Any CPU.Build.0 = Debug|Any CPU
		{703DCF0D-38E1-411F-972E-E9581F0F58D2}.Release|Any CPU.ActiveCfg = Release|Any CPU
		{703DCF0D-38E1-411F-972E-E9581F0F58D2}.Release|Any CPU.Build.0 = Release|Any CPU
	EndGlobalSection
	GlobalSection(SolutionProperties) = preSolution
		HideSolutionNode = FALSE
	EndGlobalSection
EndGlobal
